// !$*UTF8*$!
{
	archiveVersion = 1;
	classes = {
	};
	objectVersion = 50;
	objects = {

/* Begin PBXBuildFile section */
		F27FEC9C2195E79B00875458 /* AppDelegate.swift in Sources */ = {isa = PBXBuildFile; fileRef = F27FEC9B2195E79B00875458 /* AppDelegate.swift */; };
		F27FEC9E2195E79B00875458 /* ViewController.swift in Sources */ = {isa = PBXBuildFile; fileRef = F27FEC9D2195E79B00875458 /* ViewController.swift */; };
		F27FECA12195E79B00875458 /* Main.storyboard in Resources */ = {isa = PBXBuildFile; fileRef = F27FEC9F2195E79B00875458 /* Main.storyboard */; };
		F27FECA42195E79B00875458 /* Pin_eMovies.xcdatamodeld in Sources */ = {isa = PBXBuildFile; fileRef = F27FECA22195E79B00875458 /* Pin_eMovies.xcdatamodeld */; };
		F27FECA62195E79C00875458 /* Assets.xcassets in Resources */ = {isa = PBXBuildFile; fileRef = F27FECA52195E79C00875458 /* Assets.xcassets */; };
		F27FECA92195E79D00875458 /* LaunchScreen.storyboard in Resources */ = {isa = PBXBuildFile; fileRef = F27FECA72195E79D00875458 /* LaunchScreen.storyboard */; };
		F27FECB42195E79D00875458 /* Pin_eMoviesTests.swift in Sources */ = {isa = PBXBuildFile; fileRef = F27FECB32195E79D00875458 /* Pin_eMoviesTests.swift */; };
		F27FECBF2195E79D00875458 /* Pin_eMoviesUITests.swift in Sources */ = {isa = PBXBuildFile; fileRef = F27FECBE2195E79D00875458 /* Pin_eMoviesUITests.swift */; };
/* End PBXBuildFile section */

/* Begin PBXContainerItemProxy section */
		F27FECB02195E79D00875458 /* PBXContainerItemProxy */ = {
			isa = PBXContainerItemProxy;
			containerPortal = F27FEC902195E79B00875458 /* Project object */;
			proxyType = 1;
			remoteGlobalIDString = F27FEC972195E79B00875458;
			remoteInfo = "PiñeMovies";
		};
		F27FECBB2195E79D00875458 /* PBXContainerItemProxy */ = {
			isa = PBXContainerItemProxy;
			containerPortal = F27FEC902195E79B00875458 /* Project object */;
			proxyType = 1;
			remoteGlobalIDString = F27FEC972195E79B00875458;
			remoteInfo = "PiñeMovies";
		};
/* End PBXContainerItemProxy section */

/* Begin PBXFileReference section */
		F27FEC982195E79B00875458 /* PiñeMovies.app */ = {isa = PBXFileReference; explicitFileType = wrapper.application; includeInIndex = 0; path = "PiñeMovies.app"; sourceTree = BUILT_PRODUCTS_DIR; };
		F27FEC9B2195E79B00875458 /* AppDelegate.swift */ = {isa = PBXFileReference; lastKnownFileType = sourcecode.swift; path = AppDelegate.swift; sourceTree = "<group>"; };
		F27FEC9D2195E79B00875458 /* ViewController.swift */ = {isa = PBXFileReference; lastKnownFileType = sourcecode.swift; path = ViewController.swift; sourceTree = "<group>"; };
		F27FECA02195E79B00875458 /* Base */ = {isa = PBXFileReference; lastKnownFileType = file.storyboard; name = Base; path = Base.lproj/Main.storyboard; sourceTree = "<group>"; };
		F27FECA32195E79B00875458 /* Pin_eMovies.xcdatamodel */ = {isa = PBXFileReference; lastKnownFileType = wrapper.xcdatamodel; path = Pin_eMovies.xcdatamodel; sourceTree = "<group>"; };
		F27FECA52195E79C00875458 /* Assets.xcassets */ = {isa = PBXFileReference; lastKnownFileType = folder.assetcatalog; path = Assets.xcassets; sourceTree = "<group>"; };
		F27FECA82195E79D00875458 /* Base */ = {isa = PBXFileReference; lastKnownFileType = file.storyboard; name = Base; path = Base.lproj/LaunchScreen.storyboard; sourceTree = "<group>"; };
		F27FECAA2195E79D00875458 /* Info.plist */ = {isa = PBXFileReference; lastKnownFileType = text.plist.xml; path = Info.plist; sourceTree = "<group>"; };
		F27FECAF2195E79D00875458 /* PiñeMoviesTests.xctest */ = {isa = PBXFileReference; explicitFileType = wrapper.cfbundle; includeInIndex = 0; path = "PiñeMoviesTests.xctest"; sourceTree = BUILT_PRODUCTS_DIR; };
		F27FECB32195E79D00875458 /* Pin_eMoviesTests.swift */ = {isa = PBXFileReference; lastKnownFileType = sourcecode.swift; path = Pin_eMoviesTests.swift; sourceTree = "<group>"; };
		F27FECB52195E79D00875458 /* Info.plist */ = {isa = PBXFileReference; lastKnownFileType = text.plist.xml; path = Info.plist; sourceTree = "<group>"; };
		F27FECBA2195E79D00875458 /* PiñeMoviesUITests.xctest */ = {isa = PBXFileReference; explicitFileType = wrapper.cfbundle; includeInIndex = 0; path = "PiñeMoviesUITests.xctest"; sourceTree = BUILT_PRODUCTS_DIR; };
		F27FECBE2195E79D00875458 /* Pin_eMoviesUITests.swift */ = {isa = PBXFileReference; lastKnownFileType = sourcecode.swift; path = Pin_eMoviesUITests.swift; sourceTree = "<group>"; };
		F27FECC02195E79D00875458 /* Info.plist */ = {isa = PBXFileReference; lastKnownFileType = text.plist.xml; path = Info.plist; sourceTree = "<group>"; };
/* End PBXFileReference section */

/* Begin PBXFrameworksBuildPhase section */
		F27FEC952195E79B00875458 /* Frameworks */ = {
			isa = PBXFrameworksBuildPhase;
			buildActionMask = 2147483647;
			files = (
			);
			runOnlyForDeploymentPostprocessing = 0;
		};
		F27FECAC2195E79D00875458 /* Frameworks */ = {
			isa = PBXFrameworksBuildPhase;
			buildActionMask = 2147483647;
			files = (
			);
			runOnlyForDeploymentPostprocessing = 0;
		};
		F27FECB72195E79D00875458 /* Frameworks */ = {
			isa = PBXFrameworksBuildPhase;
			buildActionMask = 2147483647;
			files = (
			);
			runOnlyForDeploymentPostprocessing = 0;
		};
/* End PBXFrameworksBuildPhase section */

/* Begin PBXGroup section */
		F27FEC8F2195E79B00875458 = {
			isa = PBXGroup;
			children = (
				F27FEC9A2195E79B00875458 /* PiñeMovies */,
				F27FECB22195E79D00875458 /* PiñeMoviesTests */,
				F27FECBD2195E79D00875458 /* PiñeMoviesUITests */,
				F27FEC992195E79B00875458 /* Products */,
			);
			sourceTree = "<group>";
		};
		F27FEC992195E79B00875458 /* Products */ = {
			isa = PBXGroup;
			children = (
				F27FEC982195E79B00875458 /* PiñeMovies.app */,
				F27FECAF2195E79D00875458 /* PiñeMoviesTests.xctest */,
				F27FECBA2195E79D00875458 /* PiñeMoviesUITests.xctest */,
			);
			name = Products;
			sourceTree = "<group>";
		};
		F27FEC9A2195E79B00875458 /* PiñeMovies */ = {
			isa = PBXGroup;
			children = (
				F27FEC9B2195E79B00875458 /* AppDelegate.swift */,
				F27FEC9D2195E79B00875458 /* ViewController.swift */,
				F27FEC9F2195E79B00875458 /* Main.storyboard */,
				F27FECA52195E79C00875458 /* Assets.xcassets */,
				F27FECA72195E79D00875458 /* LaunchScreen.storyboard */,
				F27FECAA2195E79D00875458 /* Info.plist */,
				F27FECA22195E79B00875458 /* Pin_eMovies.xcdatamodeld */,
			);
			path = "PiñeMovies";
			sourceTree = "<group>";
		};
		F27FECB22195E79D00875458 /* PiñeMoviesTests */ = {
			isa = PBXGroup;
			children = (
				F27FECB32195E79D00875458 /* Pin_eMoviesTests.swift */,
				F27FECB52195E79D00875458 /* Info.plist */,
			);
			path = "PiñeMoviesTests";
			sourceTree = "<group>";
		};
		F27FECBD2195E79D00875458 /* PiñeMoviesUITests */ = {
			isa = PBXGroup;
			children = (
				F27FECBE2195E79D00875458 /* Pin_eMoviesUITests.swift */,
				F27FECC02195E79D00875458 /* Info.plist */,
			);
			path = "PiñeMoviesUITests";
			sourceTree = "<group>";
		};
/* End PBXGroup section */

/* Begin PBXNativeTarget section */
		F27FEC972195E79B00875458 /* PiñeMovies */ = {
			isa = PBXNativeTarget;
			buildConfigurationList = F27FECC32195E79D00875458 /* Build configuration list for PBXNativeTarget "PiñeMovies" */;
			buildPhases = (
				F27FEC942195E79B00875458 /* Sources */,
				F27FEC952195E79B00875458 /* Frameworks */,
				F27FEC962195E79B00875458 /* Resources */,
			);
			buildRules = (
			);
			dependencies = (
			);
			name = "PiñeMovies";
			productName = "PiñeMovies";
			productReference = F27FEC982195E79B00875458 /* PiñeMovies.app */;
			productType = "com.apple.product-type.application";
		};
		F27FECAE2195E79D00875458 /* PiñeMoviesTests */ = {
			isa = PBXNativeTarget;
			buildConfigurationList = F27FECC62195E79D00875458 /* Build configuration list for PBXNativeTarget "PiñeMoviesTests" */;
			buildPhases = (
				F27FECAB2195E79D00875458 /* Sources */,
				F27FECAC2195E79D00875458 /* Frameworks */,
				F27FECAD2195E79D00875458 /* Resources */,
			);
			buildRules = (
			);
			dependencies = (
				F27FECB12195E79D00875458 /* PBXTargetDependency */,
			);
			name = "PiñeMoviesTests";
			productName = "PiñeMoviesTests";
			productReference = F27FECAF2195E79D00875458 /* PiñeMoviesTests.xctest */;
			productType = "com.apple.product-type.bundle.unit-test";
		};
		F27FECB92195E79D00875458 /* PiñeMoviesUITests */ = {
			isa = PBXNativeTarget;
			buildConfigurationList = F27FECC92195E79D00875458 /* Build configuration list for PBXNativeTarget "PiñeMoviesUITests" */;
			buildPhases = (
				F27FECB62195E79D00875458 /* Sources */,
				F27FECB72195E79D00875458 /* Frameworks */,
				F27FECB82195E79D00875458 /* Resources */,
			);
			buildRules = (
			);
			dependencies = (
				F27FECBC2195E79D00875458 /* PBXTargetDependency */,
			);
			name = "PiñeMoviesUITests";
			productName = "PiñeMoviesUITests";
			productReference = F27FECBA2195E79D00875458 /* PiñeMoviesUITests.xctest */;
			productType = "com.apple.product-type.bundle.ui-testing";
		};
/* End PBXNativeTarget section */

/* Begin PBXProject section */
		F27FEC902195E79B00875458 /* Project object */ = {
			isa = PBXProject;
			attributes = {
				LastSwiftUpdateCheck = 1010;
				LastUpgradeCheck = 1010;
				ORGANIZATIONNAME = "Giovanny Piñeros";
				TargetAttributes = {
					F27FEC972195E79B00875458 = {
						CreatedOnToolsVersion = 10.1;
					};
					F27FECAE2195E79D00875458 = {
						CreatedOnToolsVersion = 10.1;
						TestTargetID = F27FEC972195E79B00875458;
					};
					F27FECB92195E79D00875458 = {
						CreatedOnToolsVersion = 10.1;
						TestTargetID = F27FEC972195E79B00875458;
					};
				};
			};
			buildConfigurationList = F27FEC932195E79B00875458 /* Build configuration list for PBXProject "PiñeMovies" */;
			compatibilityVersion = "Xcode 9.3";
			developmentRegion = en;
			hasScannedForEncodings = 0;
			knownRegions = (
				en,
				Base,
			);
			mainGroup = F27FEC8F2195E79B00875458;
			productRefGroup = F27FEC992195E79B00875458 /* Products */;
			projectDirPath = "";
			projectRoot = "";
			targets = (
				F27FEC972195E79B00875458 /* PiñeMovies */,
				F27FECAE2195E79D00875458 /* PiñeMoviesTests */,
				F27FECB92195E79D00875458 /* PiñeMoviesUITests */,
			);
		};
/* End PBXProject section */

/* Begin PBXResourcesBuildPhase section */
		F27FEC962195E79B00875458 /* Resources */ = {
			isa = PBXResourcesBuildPhase;
			buildActionMask = 2147483647;
			files = (
				F27FECA92195E79D00875458 /* LaunchScreen.storyboard in Resources */,
				F27FECA62195E79C00875458 /* Assets.xcassets in Resources */,
				F27FECA12195E79B00875458 /* Main.storyboard in Resources */,
			);
			runOnlyForDeploymentPostprocessing = 0;
		};
		F27FECAD2195E79D00875458 /* Resources */ = {
			isa = PBXResourcesBuildPhase;
			buildActionMask = 2147483647;
			files = (
			);
			runOnlyForDeploymentPostprocessing = 0;
		};
		F27FECB82195E79D00875458 /* Resources */ = {
			isa = PBXResourcesBuildPhase;
			buildActionMask = 2147483647;
			files = (
			);
			runOnlyForDeploymentPostprocessing = 0;
		};
/* End PBXResourcesBuildPhase section */

/* Begin PBXSourcesBuildPhase section */
		F27FEC942195E79B00875458 /* Sources */ = {
			isa = PBXSourcesBuildPhase;
			buildActionMask = 2147483647;
			files = (
				F27FEC9E2195E79B00875458 /* ViewController.swift in Sources */,
				F27FEC9C2195E79B00875458 /* AppDelegate.swift in Sources */,
				F27FECA42195E79B00875458 /* Pin_eMovies.xcdatamodeld in Sources */,
			);
			runOnlyForDeploymentPostprocessing = 0;
		};
		F27FECAB2195E79D00875458 /* Sources */ = {
			isa = PBXSourcesBuildPhase;
			buildActionMask = 2147483647;
			files = (
				F27FECB42195E79D00875458 /* Pin_eMoviesTests.swift in Sources */,
			);
			runOnlyForDeploymentPostprocessing = 0;
		};
		F27FECB62195E79D00875458 /* Sources */ = {
			isa = PBXSourcesBuildPhase;
			buildActionMask = 2147483647;
			files = (
				F27FECBF2195E79D00875458 /* Pin_eMoviesUITests.swift in Sources */,
			);
			runOnlyForDeploymentPostprocessing = 0;
		};
/* End PBXSourcesBuildPhase section */

/* Begin PBXTargetDependency section */
		F27FECB12195E79D00875458 /* PBXTargetDependency */ = {
			isa = PBXTargetDependency;
			target = F27FEC972195E79B00875458 /* PiñeMovies */;
			targetProxy = F27FECB02195E79D00875458 /* PBXContainerItemProxy */;
		};
		F27FECBC2195E79D00875458 /* PBXTargetDependency */ = {
			isa = PBXTargetDependency;
			target = F27FEC972195E79B00875458 /* PiñeMovies */;
			targetProxy = F27FECBB2195E79D00875458 /* PBXContainerItemProxy */;
		};
/* End PBXTargetDependency section */

/* Begin PBXVariantGroup section */
		F27FEC9F2195E79B00875458 /* Main.storyboard */ = {
			isa = PBXVariantGroup;
			children = (
				F27FECA02195E79B00875458 /* Base */,
			);
			name = Main.storyboard;
			sourceTree = "<group>";
		};
		F27FECA72195E79D00875458 /* LaunchScreen.storyboard */ = {
			isa = PBXVariantGroup;
			children = (
				F27FECA82195E79D00875458 /* Base */,
			);
			name = LaunchScreen.storyboard;
			sourceTree = "<group>";
		};
/* End PBXVariantGroup section */

/* Begin XCBuildConfiguration section */
		F27FECC12195E79D00875458 /* Debug */ = {
			isa = XCBuildConfiguration;
			buildSettings = {
				ALWAYS_SEARCH_USER_PATHS = NO;
				CLANG_ANALYZER_NONNULL = YES;
				CLANG_ANALYZER_NUMBER_OBJECT_CONVERSION = YES_AGGRESSIVE;
				CLANG_CXX_LANGUAGE_STANDARD = "gnu++14";
				CLANG_CXX_LIBRARY = "libc++";
				CLANG_ENABLE_MODULES = YES;
				CLANG_ENABLE_OBJC_ARC = YES;
				CLANG_ENABLE_OBJC_WEAK = YES;
				CLANG_WARN_BLOCK_CAPTURE_AUTORELEASING = YES;
				CLANG_WARN_BOOL_CONVERSION = YES;
				CLANG_WARN_COMMA = YES;
				CLANG_WARN_CONSTANT_CONVERSION = YES;
				CLANG_WARN_DEPRECATED_OBJC_IMPLEMENTATIONS = YES;
				CLANG_WARN_DIRECT_OBJC_ISA_USAGE = YES_ERROR;
				CLANG_WARN_DOCUMENTATION_COMMENTS = YES;
				CLANG_WARN_EMPTY_BODY = YES;
				CLANG_WARN_ENUM_CONVERSION = YES;
				CLANG_WARN_INFINITE_RECURSION = YES;
				CLANG_WARN_INT_CONVERSION = YES;
				CLANG_WARN_NON_LITERAL_NULL_CONVERSION = YES;
				CLANG_WARN_OBJC_IMPLICIT_RETAIN_SELF = YES;
				CLANG_WARN_OBJC_LITERAL_CONVERSION = YES;
				CLANG_WARN_OBJC_ROOT_CLASS = YES_ERROR;
				CLANG_WARN_RANGE_LOOP_ANALYSIS = YES;
				CLANG_WARN_STRICT_PROTOTYPES = YES;
				CLANG_WARN_SUSPICIOUS_MOVE = YES;
				CLANG_WARN_UNGUARDED_AVAILABILITY = YES_AGGRESSIVE;
				CLANG_WARN_UNREACHABLE_CODE = YES;
				CLANG_WARN__DUPLICATE_METHOD_MATCH = YES;
				CODE_SIGN_IDENTITY = "iPhone Developer";
				COPY_PHASE_STRIP = NO;
				DEBUG_INFORMATION_FORMAT = dwarf;
				ENABLE_STRICT_OBJC_MSGSEND = YES;
				ENABLE_TESTABILITY = YES;
				GCC_C_LANGUAGE_STANDARD = gnu11;
				GCC_DYNAMIC_NO_PIC = NO;
				GCC_NO_COMMON_BLOCKS = YES;
				GCC_OPTIMIZATION_LEVEL = 0;
				GCC_PREPROCESSOR_DEFINITIONS = (
					"DEBUG=1",
					"$(inherited)",
				);
				GCC_WARN_64_TO_32_BIT_CONVERSION = YES;
				GCC_WARN_ABOUT_RETURN_TYPE = YES_ERROR;
				GCC_WARN_UNDECLARED_SELECTOR = YES;
				GCC_WARN_UNINITIALIZED_AUTOS = YES_AGGRESSIVE;
				GCC_WARN_UNUSED_FUNCTION = YES;
				GCC_WARN_UNUSED_VARIABLE = YES;
				IPHONEOS_DEPLOYMENT_TARGET = 12.1;
				MTL_ENABLE_DEBUG_INFO = INCLUDE_SOURCE;
				MTL_FAST_MATH = YES;
				ONLY_ACTIVE_ARCH = YES;
				SDKROOT = iphoneos;
				SWIFT_ACTIVE_COMPILATION_CONDITIONS = DEBUG;
				SWIFT_OPTIMIZATION_LEVEL = "-Onone";
			};
			name = Debug;
		};
		F27FECC22195E79D00875458 /* Release */ = {
			isa = XCBuildConfiguration;
			buildSettings = {
				ALWAYS_SEARCH_USER_PATHS = NO;
				CLANG_ANALYZER_NONNULL = YES;
				CLANG_ANALYZER_NUMBER_OBJECT_CONVERSION = YES_AGGRESSIVE;
				CLANG_CXX_LANGUAGE_STANDARD = "gnu++14";
				CLANG_CXX_LIBRARY = "libc++";
				CLANG_ENABLE_MODULES = YES;
				CLANG_ENABLE_OBJC_ARC = YES;
				CLANG_ENABLE_OBJC_WEAK = YES;
				CLANG_WARN_BLOCK_CAPTURE_AUTORELEASING = YES;
				CLANG_WARN_BOOL_CONVERSION = YES;
				CLANG_WARN_COMMA = YES;
				CLANG_WARN_CONSTANT_CONVERSION = YES;
				CLANG_WARN_DEPRECATED_OBJC_IMPLEMENTATIONS = YES;
				CLANG_WARN_DIRECT_OBJC_ISA_USAGE = YES_ERROR;
				CLANG_WARN_DOCUMENTATION_COMMENTS = YES;
				CLANG_WARN_EMPTY_BODY = YES;
				CLANG_WARN_ENUM_CONVERSION = YES;
				CLANG_WARN_INFINITE_RECURSION = YES;
				CLANG_WARN_INT_CONVERSION = YES;
				CLANG_WARN_NON_LITERAL_NULL_CONVERSION = YES;
				CLANG_WARN_OBJC_IMPLICIT_RETAIN_SELF = YES;
				CLANG_WARN_OBJC_LITERAL_CONVERSION = YES;
				CLANG_WARN_OBJC_ROOT_CLASS = YES_ERROR;
				CLANG_WARN_RANGE_LOOP_ANALYSIS = YES;
				CLANG_WARN_STRICT_PROTOTYPES = YES;
				CLANG_WARN_SUSPICIOUS_MOVE = YES;
				CLANG_WARN_UNGUARDED_AVAILABILITY = YES_AGGRESSIVE;
				CLANG_WARN_UNREACHABLE_CODE = YES;
				CLANG_WARN__DUPLICATE_METHOD_MATCH = YES;
				CODE_SIGN_IDENTITY = "iPhone Developer";
				COPY_PHASE_STRIP = NO;
				DEBUG_INFORMATION_FORMAT = "dwarf-with-dsym";
				ENABLE_NS_ASSERTIONS = NO;
				ENABLE_STRICT_OBJC_MSGSEND = YES;
				GCC_C_LANGUAGE_STANDARD = gnu11;
				GCC_NO_COMMON_BLOCKS = YES;
				GCC_WARN_64_TO_32_BIT_CONVERSION = YES;
				GCC_WARN_ABOUT_RETURN_TYPE = YES_ERROR;
				GCC_WARN_UNDECLARED_SELECTOR = YES;
				GCC_WARN_UNINITIALIZED_AUTOS = YES_AGGRESSIVE;
				GCC_WARN_UNUSED_FUNCTION = YES;
				GCC_WARN_UNUSED_VARIABLE = YES;
				IPHONEOS_DEPLOYMENT_TARGET = 12.1;
				MTL_ENABLE_DEBUG_INFO = NO;
				MTL_FAST_MATH = YES;
				SDKROOT = iphoneos;
				SWIFT_COMPILATION_MODE = wholemodule;
				SWIFT_OPTIMIZATION_LEVEL = "-O";
				VALIDATE_PRODUCT = YES;
			};
			name = Release;
		};
		F27FECC42195E79D00875458 /* Debug */ = {
			isa = XCBuildConfiguration;
			buildSettings = {
				ASSETCATALOG_COMPILER_APPICON_NAME = AppIcon;
				CODE_SIGN_STYLE = Automatic;
				DEVELOPMENT_TEAM = S456LN3KX4;
				INFOPLIST_FILE = "PiñeMovies/Info.plist";
				LD_RUNPATH_SEARCH_PATHS = (
					"$(inherited)",
					"@executable_path/Frameworks",
				);
				PRODUCT_BUNDLE_IDENTIFIER = "pinecorp.Pin-eMovies";
				PRODUCT_NAME = "$(TARGET_NAME)";
				SWIFT_VERSION = 4.2;
				TARGETED_DEVICE_FAMILY = "1,2";
			};
			name = Debug;
		};
		F27FECC52195E79D00875458 /* Release */ = {
			isa = XCBuildConfiguration;
			buildSettings = {
				ASSETCATALOG_COMPILER_APPICON_NAME = AppIcon;
				CODE_SIGN_STYLE = Automatic;
				DEVELOPMENT_TEAM = S456LN3KX4;
				INFOPLIST_FILE = "PiñeMovies/Info.plist";
				LD_RUNPATH_SEARCH_PATHS = (
					"$(inherited)",
					"@executable_path/Frameworks",
				);
				PRODUCT_BUNDLE_IDENTIFIER = "pinecorp.Pin-eMovies";
				PRODUCT_NAME = "$(TARGET_NAME)";
				SWIFT_VERSION = 4.2;
				TARGETED_DEVICE_FAMILY = "1,2";
			};
			name = Release;
		};
		F27FECC72195E79D00875458 /* Debug */ = {
			isa = XCBuildConfiguration;
			buildSettings = {
				ALWAYS_EMBED_SWIFT_STANDARD_LIBRARIES = YES;
				BUNDLE_LOADER = "$(TEST_HOST)";
				CODE_SIGN_STYLE = Automatic;
				DEVELOPMENT_TEAM = S456LN3KX4;
				INFOPLIST_FILE = "PiñeMoviesTests/Info.plist";
				LD_RUNPATH_SEARCH_PATHS = (
					"$(inherited)",
					"@executable_path/Frameworks",
					"@loader_path/Frameworks",
				);
				PRODUCT_BUNDLE_IDENTIFIER = "pinecorp.Pin-eMoviesTests";
				PRODUCT_NAME = "$(TARGET_NAME)";
				SWIFT_VERSION = 4.2;
				TARGETED_DEVICE_FAMILY = "1,2";
				TEST_HOST = "$(BUILT_PRODUCTS_DIR)/PiñeMovies.app/PiñeMovies";
			};
			name = Debug;
		};
		F27FECC82195E79D00875458 /* Release */ = {
			isa = XCBuildConfiguration;
			buildSettings = {
				ALWAYS_EMBED_SWIFT_STANDARD_LIBRARIES = YES;
				BUNDLE_LOADER = "$(TEST_HOST)";
				CODE_SIGN_STYLE = Automatic;
				DEVELOPMENT_TEAM = S456LN3KX4;
				INFOPLIST_FILE = "PiñeMoviesTests/Info.plist";
				LD_RUNPATH_SEARCH_PATHS = (
					"$(inherited)",
					"@executable_path/Frameworks",
					"@loader_path/Frameworks",
				);
				PRODUCT_BUNDLE_IDENTIFIER = "pinecorp.Pin-eMoviesTests";
				PRODUCT_NAME = "$(TARGET_NAME)";
				SWIFT_VERSION = 4.2;
				TARGETED_DEVICE_FAMILY = "1,2";
				TEST_HOST = "$(BUILT_PRODUCTS_DIR)/PiñeMovies.app/PiñeMovies";
			};
			name = Release;
		};
		F27FECCA2195E79D00875458 /* Debug */ = {
			isa = XCBuildConfiguration;
			buildSettings = {
				ALWAYS_EMBED_SWIFT_STANDARD_LIBRARIES = YES;
				CODE_SIGN_STYLE = Automatic;
				DEVELOPMENT_TEAM = S456LN3KX4;
				INFOPLIST_FILE = "PiñeMoviesUITests/Info.plist";
				LD_RUNPATH_SEARCH_PATHS = (
					"$(inherited)",
					"@executable_path/Frameworks",
					"@loader_path/Frameworks",
				);
				PRODUCT_BUNDLE_IDENTIFIER = "pinecorp.Pin-eMoviesUITests";
				PRODUCT_NAME = "$(TARGET_NAME)";
				SWIFT_VERSION = 4.2;
				TARGETED_DEVICE_FAMILY = "1,2";
				TEST_TARGET_NAME = "PiñeMovies";
			};
			name = Debug;
		};
		F27FECCB2195E79D00875458 /* Release */ = {
			isa = XCBuildConfiguration;
			buildSettings = {
				ALWAYS_EMBED_SWIFT_STANDARD_LIBRARIES = YES;
				CODE_SIGN_STYLE = Automatic;
				DEVELOPMENT_TEAM = S456LN3KX4;
				INFOPLIST_FILE = "PiñeMoviesUITests/Info.plist";
				LD_RUNPATH_SEARCH_PATHS = (
					"$(inherited)",
					"@executable_path/Frameworks",
					"@loader_path/Frameworks",
				);
				PRODUCT_BUNDLE_IDENTIFIER = "pinecorp.Pin-eMoviesUITests";
				PRODUCT_NAME = "$(TARGET_NAME)";
				SWIFT_VERSION = 4.2;
				TARGETED_DEVICE_FAMILY = "1,2";
				TEST_TARGET_NAME = "PiñeMovies";
			};
			name = Release;
		};
/* End XCBuildConfiguration section */

/* Begin XCConfigurationList section */
		F27FEC932195E79B00875458 /* Build configuration list for PBXProject "PiñeMovies" */ = {
			isa = XCConfigurationList;
			buildConfigurations = (
				F27FECC12195E79D00875458 /* Debug */,
				F27FECC22195E79D00875458 /* Release */,
			);
			defaultConfigurationIsVisible = 0;
			defaultConfigurationName = Release;
		};
		F27FECC32195E79D00875458 /* Build configuration list for PBXNativeTarget "PiñeMovies" */ = {
			isa = XCConfigurationList;
			buildConfigurations = (
				F27FECC42195E79D00875458 /* Debug */,
				F27FECC52195E79D00875458 /* Release */,
			);
			defaultConfigurationIsVisible = 0;
			defaultConfigurationName = Release;
		};
		F27FECC62195E79D00875458 /* Build configuration list for PBXNativeTarget "PiñeMoviesTests" */ = {
			isa = XCConfigurationList;
			buildConfigurations = (
				F27FECC72195E79D00875458 /* Debug */,
				F27FECC82195E79D00875458 /* Release */,
			);
			defaultConfigurationIsVisible = 0;
			defaultConfigurationName = Release;
		};
		F27FECC92195E79D00875458 /* Build configuration list for PBXNativeTarget "PiñeMoviesUITests" */ = {
			isa = XCConfigurationList;
			buildConfigurations = (
				F27FECCA2195E79D00875458 /* Debug */,
				F27FECCB2195E79D00875458 /* Release */,
			);
			defaultConfigurationIsVisible = 0;
			defaultConfigurationName = Release;
		};
/* End XCConfigurationList section */

/* Begin XCVersionGroup section */
		F27FECA22195E79B00875458 /* Pin_eMovies.xcdatamodeld */ = {
			isa = XCVersionGroup;
			children = (
				F27FECA32195E79B00875458 /* Pin_eMovies.xcdatamodel */,
			);
			currentVersion = F27FECA32195E79B00875458 /* Pin_eMovies.xcdatamodel */;
			path = Pin_eMovies.xcdatamodeld;
			sourceTree = "<group>";
			versionGroupType = wrapper.xcdatamodel;
		};
/* End XCVersionGroup section */
	};
	rootObject = F27FEC902195E79B00875458 /* Project object */;
}
